{
  "name": "linmas",
  "version": "0.5.2",
  "homepage": "https://github.com/TanKimGwan/linmas#readme",
  "bugs": {
    "url": "https://github.com/TanKimGwan/linmas/issues"
  },
  "repository": {
    "type": "git",
    "url": "https://github.com/TanKimGwan/linmas"
  },
  "lockfileVersion": 3,
  "requires": true,
  "packages": {
    "": {
      "name": "linmas",
      "version": "0.5.2",
      "license": "Apache-2.0",
      "bin": {
        "linmas": "bin/linmas.mjs"
      },
      "engines": {
        "node": ">=24"
      }
    }
  }
}
